
Microsoft Visual Studio Solution File, Format Version 12.00
# Visual Studio Version 17
VisualStudioVersion = 17.8.34330.188
MinimumVisualStudioVersion = 10.0.40219.1
Project("{FAE04EC0-301F-11D3-BF4B-00C04F79EFBC}") = "WpfApp5", "WpfApp5\WpfApp5.csproj", "{DA9279D4-4443-427C-B83C-E4FCB0BD4AB0}"
EndProject
Global
	GlobalSection(SolutionConfigurationPlatforms) = preSolution
		Debug|Any CPU = Debug|Any CPU
		Release|Any CPU = Release|Any CPU
	EndGlobalSection
	GlobalSection(ProjectConfigurationPlatforms) = postSolution
		{DA9279D4-4443-427C-B83C-E4FCB0BD4AB0}.Debug|Any CPU.ActiveCfg = Debug|Any CPU
		{DA9279D4-4443-427C-B83C-E4FCB0BD4AB0}.Debug|Any CPU.Build.0 = Debug|Any CPU
		{DA9279D4-4443-427C-B83C-E4FCB0BD4AB0}.Release|Any CPU.ActiveCfg = Release|Any CPU
		{DA9279D4-4443-427C-B83C-E4FCB0BD4AB0}.Release|Any CPU.Build.0 = Release|Any CPU
	EndGlobalSection
	GlobalSection(SolutionProperties) = preSolution
		HideSolutionNode = FALSE
	EndGlobalSection
	GlobalSection(ExtensibilityGlobals) = postSolution
		SolutionGuid = {9CC2C03C-6CB1-43DC-91BB-E8543072FC06}
	EndGlobalSection
EndGlobal
